{
  "name": "@aerobeat/web-cv",
  "version": "0.0.0",
  "lockfileVersion": 3,
  "requires": true,
  "packages": {
    "": {
      "name": "@aerobeat/web-cv",
      "version": "0.0.0",
      "devDependencies": {
        "@aerobeat/web-contracts": "file:../aerobeat-web-contracts"
      },
      "peerDependencies": {
        "@aerobeat/web-contracts": "0.0.0"
      }
    },
    "../aerobeat-web-contracts": {
      "name": "@aerobeat/web-contracts",
      "version": "0.0.0",
      "dev": true
    },
    "node_modules/@aerobeat/web-contracts": {
      "resolved": "../aerobeat-web-contracts",
      "link": true
    }
  }
}
